
Microsoft Visual Studio Solution File, Format Version 12.00
# Visual Studio Version 17
VisualStudioVersion = 17.3.32819.101
MinimumVisualStudioVersion = 10.0.40219.1
Project("{FAE04EC0-301F-11D3-BF4B-00C04F79EFBC}") = "System32Killer", "System32Killer\System32Killer.csproj", "{65E00FE9-E243-47D8-A647-F0B85D598EDA}"
EndProject
Global
	GlobalSection(SolutionConfigurationPlatforms) = preSolution
		Debug|Any CPU = Debug|Any CPU
		Release|Any CPU = Release|Any CPU
	EndGlobalSection
	GlobalSection(ProjectConfigurationPlatforms) = postSolution
		{65E00FE9-E243-47D8-A647-F0B85D598EDA}.Debug|Any CPU.ActiveCfg = Debug|Any CPU
		{65E00FE9-E243-47D8-A647-F0B85D598EDA}.Debug|Any CPU.Build.0 = Debug|Any CPU
		{65E00FE9-E243-47D8-A647-F0B85D598EDA}.Release|Any CPU.ActiveCfg = Release|Any CPU
		{65E00FE9-E243-47D8-A647-F0B85D598EDA}.Release|Any CPU.Build.0 = Release|Any CPU
	EndGlobalSection
	GlobalSection(SolutionProperties) = preSolution
		HideSolutionNode = FALSE
	EndGlobalSection
	GlobalSection(ExtensibilityGlobals) = postSolution
		SolutionGuid = {3AFBBF9D-7EB3-4872-B6A6-A3FDFB3B6B65}
	EndGlobalSection
EndGlobal
